
Microsoft Visual Studio Solution File, Format Version 12.00
# Visual Studio 2012
Project("{FAE04EC0-301F-11D3-BF4B-00C04F79EFBC}") = "MobileCenterTryOut", "MobileCenterTryOut\MobileCenterTryOut.csproj", "{846D22D2-1784-4D53-AC20-A316980A5359}"
EndProject
Project("{FAE04EC0-301F-11D3-BF4B-00C04F79EFBC}") = "MobileCenterTryOut.iOS", "iOS\MobileCenterTryOut.iOS.csproj", "{9872F8C4-0C24-4041-A956-6B0321CFB5A3}"
EndProject
Project("{FAE04EC0-301F-11D3-BF4B-00C04F79EFBC}") = "MobileCenterTryOut.Droid", "Droid\MobileCenterTryOut.Droid.csproj", "{6E66C548-C549-4A1A-ABD1-F882D172C858}"
EndProject
Global
	GlobalSection(SolutionConfigurationPlatforms) = preSolution
		Debug|Any CPU = Debug|Any CPU
		Release|Any CPU = Release|Any CPU
		Debug|iPhoneSimulator = Debug|iPhoneSimulator
		Release|iPhone = Release|iPhone
		Release|iPhoneSimulator = Release|iPhoneSimulator
		Debug|iPhone = Debug|iPhone
	EndGlobalSection
	GlobalSection(ProjectConfigurationPlatforms) = postSolution
		{846D22D2-1784-4D53-AC20-A316980A5359}.Debug|Any CPU.ActiveCfg = Debug|Any CPU
		{846D22D2-1784-4D53-AC20-A316980A5359}.Debug|Any CPU.Build.0 = Debug|Any CPU
		{846D22D2-1784-4D53-AC20-A316980A5359}.Release|Any CPU.ActiveCfg = Release|Any CPU
		{846D22D2-1784-4D53-AC20-A316980A5359}.Release|Any CPU.Build.0 = Release|Any CPU
		{846D22D2-1784-4D53-AC20-A316980A5359}.Debug|iPhoneSimulator.ActiveCfg = Debug|Any CPU
		{846D22D2-1784-4D53-AC20-A316980A5359}.Debug|iPhoneSimulator.Build.0 = Debug|Any CPU
		{846D22D2-1784-4D53-AC20-A316980A5359}.Release|iPhone.ActiveCfg = Release|Any CPU
		{846D22D2-1784-4D53-AC20-A316980A5359}.Release|iPhone.Build.0 = Release|Any CPU
		{846D22D2-1784-4D53-AC20-A316980A5359}.Release|iPhoneSimulator.ActiveCfg = Release|Any CPU
		{846D22D2-1784-4D53-AC20-A316980A5359}.Release|iPhoneSimulator.Build.0 = Release|Any CPU
		{846D22D2-1784-4D53-AC20-A316980A5359}.Debug|iPhone.ActiveCfg = Debug|Any CPU
		{846D22D2-1784-4D53-AC20-A316980A5359}.Debug|iPhone.Build.0 = Debug|Any CPU
		{9872F8C4-0C24-4041-A956-6B0321CFB5A3}.Debug|Any CPU.ActiveCfg = Debug|iPhoneSimulator
		{9872F8C4-0C24-4041-A956-6B0321CFB5A3}.Debug|Any CPU.Build.0 = Debug|iPhoneSimulator
		{9872F8C4-0C24-4041-A956-6B0321CFB5A3}.Release|Any CPU.ActiveCfg = Release|iPhone
		{9872F8C4-0C24-4041-A956-6B0321CFB5A3}.Release|Any CPU.Build.0 = Release|iPhone
		{9872F8C4-0C24-4041-A956-6B0321CFB5A3}.Debug|iPhoneSimulator.ActiveCfg = Debug|iPhoneSimulator
		{9872F8C4-0C24-4041-A956-6B0321CFB5A3}.Debug|iPhoneSimulator.Build.0 = Debug|iPhoneSimulator
		{9872F8C4-0C24-4041-A956-6B0321CFB5A3}.Release|iPhone.ActiveCfg = Release|iPhone
		{9872F8C4-0C24-4041-A956-6B0321CFB5A3}.Release|iPhone.Build.0 = Release|iPhone
		{9872F8C4-0C24-4041-A956-6B0321CFB5A3}.Release|iPhoneSimulator.ActiveCfg = Release|iPhoneSimulator
		{9872F8C4-0C24-4041-A956-6B0321CFB5A3}.Release|iPhoneSimulator.Build.0 = Release|iPhoneSimulator
		{9872F8C4-0C24-4041-A956-6B0321CFB5A3}.Debug|iPhone.ActiveCfg = Debug|iPhone
		{9872F8C4-0C24-4041-A956-6B0321CFB5A3}.Debug|iPhone.Build.0 = Debug|iPhone
		{6E66C548-C549-4A1A-ABD1-F882D172C858}.Debug|Any CPU.ActiveCfg = Debug|Any CPU
		{6E66C548-C549-4A1A-ABD1-F882D172C858}.Debug|Any CPU.Build.0 = Debug|Any CPU
		{6E66C548-C549-4A1A-ABD1-F882D172C858}.Release|Any CPU.ActiveCfg = Release|Any CPU
		{6E66C548-C549-4A1A-ABD1-F882D172C858}.Release|Any CPU.Build.0 = Release|Any CPU
		{6E66C548-C549-4A1A-ABD1-F882D172C858}.Debug|iPhoneSimulator.ActiveCfg = Debug|Any CPU
		{6E66C548-C549-4A1A-ABD1-F882D172C858}.Debug|iPhoneSimulator.Build.0 = Debug|Any CPU
		{6E66C548-C549-4A1A-ABD1-F882D172C858}.Release|iPhone.ActiveCfg = Release|Any CPU
		{6E66C548-C549-4A1A-ABD1-F882D172C858}.Release|iPhone.Build.0 = Release|Any CPU
		{6E66C548-C549-4A1A-ABD1-F882D172C858}.Release|iPhoneSimulator.ActiveCfg = Release|Any CPU
		{6E66C548-C549-4A1A-ABD1-F882D172C858}.Release|iPhoneSimulator.Build.0 = Release|Any CPU
		{6E66C548-C549-4A1A-ABD1-F882D172C858}.Debug|iPhone.ActiveCfg = Debug|Any CPU
		{6E66C548-C549-4A1A-ABD1-F882D172C858}.Debug|iPhone.Build.0 = Debug|Any CPU
	EndGlobalSection
EndGlobal
